
Microsoft Visual Studio Solution File, Format Version 12.00
# Visual Studio 14
VisualStudioVersion = 14.0.25420.1
MinimumVisualStudioVersion = 10.0.40219.1
Project("{FAE04EC0-301F-11D3-BF4B-00C04F79EFBC}") = "WordCount", "WordCount\WordCount.csproj", "{AC0275F9-9D6F-4B61-B05A-D826033F6B69}"
EndProject
Project("{FAE04EC0-301F-11D3-BF4B-00C04F79EFBC}") = "WordCountTests", "WordCountTests\WordCountTests.csproj", "{1D10C974-135B-4380-9AA1-7CA4FFD009C8}"
EndProject
Global
	GlobalSection(SolutionConfigurationPlatforms) = preSolution
		Debug|Any CPU = Debug|Any CPU
		Release|Any CPU = Release|Any CPU
	EndGlobalSection
	GlobalSection(ProjectConfigurationPlatforms) = postSolution
		{AC0275F9-9D6F-4B61-B05A-D826033F6B69}.Debug|Any CPU.ActiveCfg = Debug|Any CPU
		{AC0275F9-9D6F-4B61-B05A-D826033F6B69}.Debug|Any CPU.Build.0 = Debug|Any CPU
		{AC0275F9-9D6F-4B61-B05A-D826033F6B69}.Release|Any CPU.ActiveCfg = Release|Any CPU
		{AC0275F9-9D6F-4B61-B05A-D826033F6B69}.Release|Any CPU.Build.0 = Release|Any CPU
		{1D10C974-135B-4380-9AA1-7CA4FFD009C8}.Debug|Any CPU.ActiveCfg = Debug|Any CPU
		{1D10C974-135B-4380-9AA1-7CA4FFD009C8}.Debug|Any CPU.Build.0 = Debug|Any CPU
		{1D10C974-135B-4380-9AA1-7CA4FFD009C8}.Release|Any CPU.ActiveCfg = Release|Any CPU
		{1D10C974-135B-4380-9AA1-7CA4FFD009C8}.Release|Any CPU.Build.0 = Release|Any CPU
	EndGlobalSection
	GlobalSection(SolutionProperties) = preSolution
		HideSolutionNode = FALSE
	EndGlobalSection
EndGlobal
